lockfileVersion: 5.4

specifiers:
  '@types/fs-extra': ^9.0.12
  '@types/inquirer': ^7.3.3
  '@types/lodash-es': ^4.17.6
  lodash-es: ^4.17.21
  node-fetch: ^3.2.10
  prettier: ^2.3.2
  typescript: ^4.4.2

dependencies:
  lodash-es: 4.17.21
  node-fetch: 3.2.10

devDependencies:
  '@types/fs-extra': 9.0.13
  '@types/inquirer': 7.3.3
  '@types/lodash-es': 4.17.6
  prettier: 2.7.1
  typescript: 4.8.3

packages:

  /@types/fs-extra/9.0.13:
    resolution: {integrity: sha1-dZT7rgT+fxkYzos9IT90/0SsH0U=, tarball: '@types/fs-extra/download/@types/fs-extra-9.0.13.tgz'}
    dependencies:
      '@types/node': 18.7.18
    dev: true

  /@types/inquirer/7.3.3:
    resolution: {integrity: sha1-kuZnbvtn+mklxpou5jj2eoIpUqw=, tarball: '@types/inquirer/download/@types/inquirer-7.3.3.tgz'}
    dependencies:
      '@types/through': 0.0.30
      rxjs: 6.6.7
    dev: true

  /@types/lodash-es/4.17.6:
    resolution: {integrity: sha512-R+zTeVUKDdfoRxpAryaQNRKk3105Rrgx2CFRClIgRGaqDTdjsm8h6IYA8ir584W3ePzkZfst5xIgDwYrlh9HLg==, tarball: '@types/lodash-es/download/@types/lodash-es-4.17.6.tgz'}
    dependencies:
      '@types/lodash': 4.14.185
    dev: true

  /@types/lodash/4.14.185:
    resolution: {integrity: sha512-evMDG1bC4rgQg4ku9tKpuMh5iBNEwNa3tf9zRHdP1qlv+1WUg44xat4IxCE14gIpZRGUUWAx2VhItCZc25NfMA==, tarball: '@types/lodash/download/@types/lodash-4.14.185.tgz'}
    dev: true

  /@types/node/18.7.18:
    resolution: {integrity: sha512-m+6nTEOadJZuTPkKR/SYK3A2d7FZrgElol9UP1Kae90VVU4a6mxnPuLiIW1m4Cq4gZ/nWb9GrdVXJCoCazDAbg==, tarball: '@types/node/download/@types/node-18.7.18.tgz'}
    dev: true

  /@types/through/0.0.30:
    resolution: {integrity: sha1-4OQs536Je9aurW9upirrE1uKOJU=, tarball: '@types/through/download/@types/through-0.0.30.tgz'}
    dependencies:
      '@types/node': 18.7.18
    dev: true

  /data-uri-to-buffer/4.0.0:
    resolution: {integrity: sha1-tdtGrqUPYXZCisBbc745pXcBpks=, tarball: data-uri-to-buffer/download/data-uri-to-buffer-4.0.0.tgz}
    engines: {node: '>= 12'}
    dev: false

  /fetch-blob/3.2.0:
    resolution: {integrity: sha512-7yAQpD2UMJzLi1Dqv7qFYnPbaPx7ZfFK6PiIxQ4PfkGPyNyl2Ugx+a/umUonmKqjhM4DnfbMvdX6otXq83soQQ==, tarball: fetch-blob/download/fetch-blob-3.2.0.tgz}
    engines: {node: ^12.20 || >= 14.13}
    dependencies:
      node-domexception: 1.0.0
      web-streams-polyfill: 3.2.1
    dev: false

  /formdata-polyfill/4.0.10:
    resolution: {integrity: sha1-JIB8McnUAuACqz2McgFEzriEhCM=, tarball: formdata-polyfill/download/formdata-polyfill-4.0.10.tgz}
    engines: {node: '>=12.20.0'}
    dependencies:
      fetch-blob: 3.2.0
    dev: false

  /lodash-es/4.17.21:
    resolution: {integrity: sha1-Q+YmxG5lkbd1C+srUBFzkMYJ4+4=, tarball: lodash-es/download/lodash-es-4.17.21.tgz}
    dev: false

  /node-domexception/1.0.0:
    resolution: {integrity: sha1-aIjbRqH3HAt2s/dVUBa2P+ZHZuU=, tarball: node-domexception/download/node-domexception-1.0.0.tgz}
    engines: {node: '>=10.5.0'}
    dev: false

  /node-fetch/3.2.10:
    resolution: {integrity: sha512-MhuzNwdURnZ1Cp4XTazr69K0BTizsBroX7Zx3UgDSVcZYKF/6p0CBe4EUb/hLqmzVhl0UpYfgRljQ4yxE+iCxA==, tarball: node-fetch/download/node-fetch-3.2.10.tgz}
    engines: {node: ^12.20.0 || ^14.13.1 || >=16.0.0}
    dependencies:
      data-uri-to-buffer: 4.0.0
      fetch-blob: 3.2.0
      formdata-polyfill: 4.0.10
    dev: false

  /prettier/2.7.1:
    resolution: {integrity: sha512-ujppO+MkdPqoVINuDFDRLClm7D78qbDt0/NR+wp5FqEZOoTNAjPHWj17QRhu7geIHJfcNhRk1XVQmF8Bp3ye+g==, tarball: prettier/download/prettier-2.7.1.tgz}
    engines: {node: '>=10.13.0'}
    hasBin: true
    dev: true

  /rxjs/6.6.7:
    resolution: {integrity: sha1-kKwBisq/SRv2UEQjXVhjxNq4BMk=, tarball: rxjs/download/rxjs-6.6.7.tgz}
    engines: {npm: '>=2.0.0'}
    dependencies:
      tslib: 1.14.1
    dev: true

  /tslib/1.14.1:
    resolution: {integrity: sha1-zy04vcNKE0vK8QkcQfZhni9nLQA=, tarball: tslib/download/tslib-1.14.1.tgz}
    dev: true

  /typescript/4.8.3:
    resolution: {integrity: sha512-goMHfm00nWPa8UvR/CPSvykqf6dVV8x/dp0c5mFTMTIu0u0FlGWRioyy7Nn0PGAdHxpJZnuO/ut+PpQ8UiHAig==, tarball: typescript/download/typescript-4.8.3.tgz}
    engines: {node: '>=4.2.0'}
    hasBin: true
    dev: true

  /web-streams-polyfill/3.2.1:
    resolution: {integrity: sha512-e0MO3wdXWKrLbL0DgGnUV7WHVuw9OUvL4hjgnPkIeEvESk74gAITi5G606JtZPp39cd8HA9VQzCIvA49LpPN5Q==, tarball: web-streams-polyfill/download/web-streams-polyfill-3.2.1.tgz}
    engines: {node: '>= 8'}
    dev: false
